
Microsoft Visual Studio Solution File, Format Version 12.00
# Visual Studio Version 17
VisualStudioVersion = 17.6.33829.357
MinimumVisualStudioVersion = 10.0.40219.1
Project("{FAE04EC0-301F-11D3-BF4B-00C04F79EFBC}") = "Despesas e Receitas", "Despesas e Receitas\Despesas e Receitas.csproj", "{EE0390B1-514C-4ED5-8837-EE26E93531DD}"
EndProject
Global
	GlobalSection(SolutionConfigurationPlatforms) = preSolution
		Debug|Any CPU = Debug|Any CPU
		Release|Any CPU = Release|Any CPU
	EndGlobalSection
	GlobalSection(ProjectConfigurationPlatforms) = postSolution
		{EE0390B1-514C-4ED5-8837-EE26E93531DD}.Debug|Any CPU.ActiveCfg = Debug|Any CPU
		{EE0390B1-514C-4ED5-8837-EE26E93531DD}.Debug|Any CPU.Build.0 = Debug|Any CPU
		{EE0390B1-514C-4ED5-8837-EE26E93531DD}.Release|Any CPU.ActiveCfg = Release|Any CPU
		{EE0390B1-514C-4ED5-8837-EE26E93531DD}.Release|Any CPU.Build.0 = Release|Any CPU
	EndGlobalSection
	GlobalSection(SolutionProperties) = preSolution
		HideSolutionNode = FALSE
	EndGlobalSection
	GlobalSection(ExtensibilityGlobals) = postSolution
		SolutionGuid = {10699F0A-723F-4FBF-B99C-34AEE1379C99}
	EndGlobalSection
EndGlobal
